github.com/alecthomas/assert/v2 v2.11.0 h1:2Q9r3ki8+JYXvGsDyBXwH3LcJ+WK5D0gc5E8vS6K3D0=
github.com/alecthomas/assert/v2 v2.11.0/go.mod h1:Bze95FyfUr7x34QZrjL+XP+0qgp/zg8yS+TtBj1WA3k=
github.com/alecthomas/chroma/v2 v2.27.0 h1:FodwmyOBgJULFYmDqibcp9pvfDLWdtPRh9v/r5BXYZs=
github.com/alecthomas/chroma/v2 v2.27.0/go.mod h1:NjJ3ciIgrqBNeIkWZ4e46nseoLDslxU1LmfCoL+wcY8=
github.com/alecthomas/repr v0.5.2 h1:SU73FTI9D1P5UNtvseffFSGmdNci/O6RsqzeXJtP0Qs=
github.com/alecthomas/repr v0.5.2/go.mod h1:Fr0507jx4eOXV7AlPV6AVZLYrLIuIeSOWtW57eE/O/4=
github.com/chengxilo/virtualterm v1.0.4 h1:Z6IpERbRVlfB8WkOmtbHiDbBANU7cimRIof7mk9/PwM=
github.com/chengxilo/virtualterm v1.0.4/go.mod h1:DyxxBZz/x1iqJjFxTFcr6/x+jSpqN0iwWCOK1q10rlY=
github.com/davecgh/go-spew v1.1.1 h1:vj9j/u1bqnvCEfJOwUhtlOARqs3+rkHYY13jYWTU97c=
github.com/davecgh/go-spew v1.1.1/go.mod h1:J7Y8YcW2NihsgmVo/mv3lAwl/skON4iLHjSsI+c5H38=
github.com/dlclark/regexp2/v2 v2.2.1 h1:mf4KkFUj0gJuarK8P+LgiS+Lit7m9N1yAwEfPbee7R0=
github.com/dlclark/regexp2/v2 v2.2.1/go.mod h1:avUrQvPaLz2DrFNHJF0taWAFFX2C1GMSSoeiqFjcBmU=
github.com/ebitengine/purego v0.10.1 h1:dewVBCBT2GaMu1SrNTYxQhgQBethzfhiwvZiLGP/qyY=
github.com/ebitengine/purego v0.10.1/go.mod h1:iIjxzd6CiRiOG0UyXP+V1+jWqUXVjPKLAI0mRfJZTmQ=
github.com/hexops/gotextdiff v1.0.3 h1:gitA9+qJrrTCsiCl7+kh75nPqQt1cx4ZkudSTLoUqJM=
github.com/hexops/gotextdiff v1.0.3/go.mod h1:pSWU5MAI3yDq+fZBTazCSJysOMbxWL1BSow5/V2vxeg=
github.com/mattn/go-runewidth v0.0.16 h1:E5ScNMtiwvlvB5paMFdw9p4kSQzbXFikJ5SQO6TULQc=
github.com/mattn/go-runewidth v0.0.16/go.mod h1:Jdepj2loyihRzMpdS35Xk/zdY8IAYHsh153qUoGf23w=
github.com/mitchellh/colorstring v0.0.0-20190213212951-d06e56a500db h1:62I3jR2EmQ4l5rM/4FEfDWcRD+abF5XlKShorW5LRoQ=
github.com/mitchellh/colorstring v0.0.0-20190213212951-d06e56a500db/go.mod h1:l0dey0ia/Uv7NcFFVbCLtqEBQbrT4OCwCSKTEv6enCw=
github.com/pmezard/go-difflib v1.0.0 h1:4DBwDE0NGyQoBHbLQYPwSUPoCMWR5BEzIk/f1lZbAQM=
github.com/pmezard/go-difflib v1.0.0/go.mod h1:iKH77koFhYxTK1pcRnkKkqfTogsbg7gZNVY4sRDYZ/4=
github.com/rivo/uniseg v0.4.7 h1:WUdvkW8uEhrYfLC4ZzdpI2ztxP1I582+49Oc5Mq64VQ=
github.com/rivo/uniseg v0.4.7/go.mod h1:FN3SvrM+Zdj16jyLfmOkMNblXMcoc8DfTHruCPUcx88=
github.com/schollz/progressbar/v3 v3.19.1 h1:iv8BgwOvdML/S3p84uBpy/IMigv4U9594vPZYa2EdrU=
github.com/schollz/progressbar/v3 v3.19.1/go.mod h1:LFL7jqimKxfhero4K1eCkUr/6R39AgQeiPCJtlTWIW8=
github.com/stretchr/testify v1.9.0 h1:HtqpIVDClZ4nwg75+f6Lvsy/wHu+3BoSGCbBAcpTsTg=
github.com/stretchr/testify v1.9.0/go.mod h1:r2ic/lqez/lEtzL7wO/rwa5dbSLXVDPFyf8C91i36aY=
github.com/yuin/goldmark v1.8.2 h1:kEGpgqJXdgbkhcOgBxkC0X0PmoPG1ZyoZ117rDVp4zE=
github.com/yuin/goldmark v1.8.2/go.mod h1:ip/1k0VRfGynBgxOz0yCqHrbZXhcjxyuS66Brc7iBKg=
golang.design/x/clipboard v0.8.0 h1:6VEcH28wwcSgKc+vnxHHDWiRjrakTQIAJnPUrt3aOgg=
golang.design/x/clipboard v0.8.0/go.mod h1:s0pwrtA3Q9fgnVtGDmP5ZK/pp55cQKB23esKsjwWhWM=
golang.design/x/x11 v0.2.0 h1:Uiwu2guGihsJX/ZCzpoDPFz5gR/Qntm08mvoBCmRydo=
golang.design/x/x11 v0.2.0/go.mod h1:/5q1mFkdc1rL8mvB7DsQFi6as4tIkBv4FXjcP07mrkE=
golang.org/x/exp/shiny v0.0.0-20250606033433-dcc06ee1d476 h1:Wdx0vgH5Wgsw+lF//LJKmWOJBLWX6nprsMqnf99rYDE=
golang.org/x/exp/shiny v0.0.0-20250606033433-dcc06ee1d476/go.mod h1:ygj7T6vSGhhm/9yTpOQQNvuAUFziTH7RUiH74EoE2C8=
golang.org/x/image v0.28.0 h1:gdem5JW1OLS4FbkWgLO+7ZeFzYtL3xClb97GaUzYMFE=
golang.org/x/image v0.28.0/go.mod h1:GUJYXtnGKEUgggyzh+Vxt+AviiCcyiwpsl8iQ8MvwGY=
golang.org/x/mobile v0.0.0-20250606033058-a2a15c67f36f h1:/n+PL2HlfqeSiDCuhdBbRNlGS/g2fM4OHufalHaTVG8=
golang.org/x/mobile v0.0.0-20250606033058-a2a15c67f36f/go.mod h1:ESkJ836Z6LpG6mTVAhA48LpfW/8fNR0ifStlH2axyfg=
golang.org/x/sys v0.46.0 h1:noSf2Fq6F8DBgS+LysIkx7rIExoNHJsxOAtPp4rthXw=
golang.org/x/sys v0.46.0/go.mod h1:4GL1E5IUh+htKOUEOaiffhrAeqysfVGipDYzABqnCmw=
golang.org/x/term v0.44.0 h1:0rLvDRCtNj0gZkyIXhCyOb2OAzEhLVqc4B+hrsBhrmc=
golang.org/x/term v0.44.0/go.mod h1:7ze4MdzUzLXpSAoFP1H0bOI9aXDqveSvatT5vKcFh2Y=
gopkg.in/yaml.v3 v3.0.1 h1:fxVm/GzAzEWqLHuvctI91KS9hhNmmWOoWu0XTYJS7CA=
gopkg.in/yaml.v3 v3.0.1/go.mod h1:K4uyk7z7BCEPqu6E+C64Yfv1cQ7kz7rIZviUmN+EgEM=
